schema: '2.0'
stages:
  process_data:
    cmd: python -m training.src.process
    deps:
    - path: config/main.yaml
      hash: md5
      md5: c5fe66b766563bb0a0d84e93c76cd76f
      size: 1066
    - path: config/process
      hash: md5
      md5: ecc9661b0c65af1aa376eeecac9aa140.dir
      size: 474
      nfiles: 2
    - path: data/raw/Telco-Customer-Churn.csv
      hash: md5
      md5: 3b0bfab28a8101b4e4fdd08025a5c235
      size: 970457
    - path: training/src/process.py
      hash: md5
      md5: 284cc86165dbaea7feeec321242c7648
      size: 4093
    outs:
    - path: data/processed
      hash: md5
      md5: a1fdae9f9d9f93df61dd3ff0a230708b.dir
      size: 939063
      nfiles: 4
  train_model:
    cmd: python -m training.src.train_model
    deps:
    - path: config/main.yaml
      hash: md5
      md5: c5fe66b766563bb0a0d84e93c76cd76f
      size: 1066
    - path: config/model
      hash: md5
      md5: f94eb0b9479c95b5b45b75e4663d2296.dir
      size: 471
      nfiles: 1
    - path: data/processed
      hash: md5
      md5: a1fdae9f9d9f93df61dd3ff0a230708b.dir
      size: 939063
      nfiles: 4
    - path: training/src/helper.py
      hash: md5
      md5: 34e7260f1edaca8a0af9f394637280b7
      size: 1974
    - path: training/src/train_model.py
      hash: md5
      md5: 4782646137d978dbc5b8e4f37dc22989
      size: 5664
    outs:
    - path: models/xgboost
      hash: md5
      md5: 35ee91c6071ea8dfe1337324529c115e
      size: 26499
  evaluate_model:
    cmd: python -m training.src.evaluate_model
    deps:
    - path: config/main.yaml
      hash: md5
      md5: c5fe66b766563bb0a0d84e93c76cd76f
      size: 1066
    - path: data/processed
      hash: md5
      md5: a1fdae9f9d9f93df61dd3ff0a230708b.dir
      size: 939063
      nfiles: 4
    - path: models/xgboost
      hash: md5
      md5: 35ee91c6071ea8dfe1337324529c115e
      size: 26499
    - path: training/src/evaluate_model.py
      hash: md5
      md5: 39eb5d89a1474b19f768a1fa172d5282
      size: 2725
    - path: training/src/helper.py
      hash: md5
      md5: 34e7260f1edaca8a0af9f394637280b7
      size: 1974
    outs:
    - path: metrics.csv
      hash: md5
      md5: 8c41efa8287e95b03f63298604308d61
      size: 121
